
Microsoft Visual Studio Solution File, Format Version 12.00
# Visual Studio 15
VisualStudioVersion = 15.0.26730.16
MinimumVisualStudioVersion = 10.0.40219.1
Project("{FAE04EC0-301F-11D3-BF4B-00C04F79EFBC}") = "Strategy", "..\Strategy\Strategy.csproj", "{ABC516E8-0994-4183-860E-0BA0037A68C9}"
EndProject
Project("{FAE04EC0-301F-11D3-BF4B-00C04F79EFBC}") = "Observer", "Observer\Observer.csproj", "{47FB5807-14BA-4C4E-B970-375786EE2679}"
EndProject
Project("{FAE04EC0-301F-11D3-BF4B-00C04F79EFBC}") = "Decorator", "Decorator\Decorator.csproj", "{5D6A45E3-5159-4E0D-B633-FE617B6BC2F5}"
EndProject
Project("{FAE04EC0-301F-11D3-BF4B-00C04F79EFBC}") = "Factory", "Factory\Factory.csproj", "{AE97357E-F895-4E9E-B17B-F1C54E01D613}"
EndProject
Project("{FAE04EC0-301F-11D3-BF4B-00C04F79EFBC}") = "AbstractFactory", "AbstractFactory\AbstractFactory.csproj", "{E3A26525-8944-4DAD-9C84-1F5874C65572}"
EndProject
Global
	GlobalSection(SolutionConfigurationPlatforms) = preSolution
		Debug|Any CPU = Debug|Any CPU
		Release|Any CPU = Release|Any CPU
	EndGlobalSection
	GlobalSection(ProjectConfigurationPlatforms) = postSolution
		{ABC516E8-0994-4183-860E-0BA0037A68C9}.Debug|Any CPU.ActiveCfg = Debug|Any CPU
		{ABC516E8-0994-4183-860E-0BA0037A68C9}.Debug|Any CPU.Build.0 = Debug|Any CPU
		{ABC516E8-0994-4183-860E-0BA0037A68C9}.Release|Any CPU.ActiveCfg = Release|Any CPU
		{ABC516E8-0994-4183-860E-0BA0037A68C9}.Release|Any CPU.Build.0 = Release|Any CPU
		{47FB5807-14BA-4C4E-B970-375786EE2679}.Debug|Any CPU.ActiveCfg = Debug|Any CPU
		{47FB5807-14BA-4C4E-B970-375786EE2679}.Debug|Any CPU.Build.0 = Debug|Any CPU
		{47FB5807-14BA-4C4E-B970-375786EE2679}.Release|Any CPU.ActiveCfg = Release|Any CPU
		{47FB5807-14BA-4C4E-B970-375786EE2679}.Release|Any CPU.Build.0 = Release|Any CPU
		{5D6A45E3-5159-4E0D-B633-FE617B6BC2F5}.Debug|Any CPU.ActiveCfg = Debug|Any CPU
		{5D6A45E3-5159-4E0D-B633-FE617B6BC2F5}.Debug|Any CPU.Build.0 = Debug|Any CPU
		{5D6A45E3-5159-4E0D-B633-FE617B6BC2F5}.Release|Any CPU.ActiveCfg = Release|Any CPU
		{5D6A45E3-5159-4E0D-B633-FE617B6BC2F5}.Release|Any CPU.Build.0 = Release|Any CPU
		{AE97357E-F895-4E9E-B17B-F1C54E01D613}.Debug|Any CPU.ActiveCfg = Debug|Any CPU
		{AE97357E-F895-4E9E-B17B-F1C54E01D613}.Debug|Any CPU.Build.0 = Debug|Any CPU
		{AE97357E-F895-4E9E-B17B-F1C54E01D613}.Release|Any CPU.ActiveCfg = Release|Any CPU
		{AE97357E-F895-4E9E-B17B-F1C54E01D613}.Release|Any CPU.Build.0 = Release|Any CPU
		{E3A26525-8944-4DAD-9C84-1F5874C65572}.Debug|Any CPU.ActiveCfg = Debug|Any CPU
		{E3A26525-8944-4DAD-9C84-1F5874C65572}.Debug|Any CPU.Build.0 = Debug|Any CPU
		{E3A26525-8944-4DAD-9C84-1F5874C65572}.Release|Any CPU.ActiveCfg = Release|Any CPU
		{E3A26525-8944-4DAD-9C84-1F5874C65572}.Release|Any CPU.Build.0 = Release|Any CPU
	EndGlobalSection
	GlobalSection(SolutionProperties) = preSolution
		HideSolutionNode = FALSE
	EndGlobalSection
	GlobalSection(ExtensibilityGlobals) = postSolution
		SolutionGuid = {FB148082-A687-4D67-BA34-554C4411EAF0}
	EndGlobalSection
EndGlobal
